
Microsoft Visual Studio Solution File, Format Version 12.00
# Visual Studio Version 17
VisualStudioVersion = 17.14.36414.22
MinimumVisualStudioVersion = 10.0.40219.1
Project("{FAE04EC0-301F-11D3-BF4B-00C04F79EFBC}") = "Domain", "Domain\Domain.csproj", "{B9FC6C4A-C58C-444A-8691-8D6CB944E80E}"
EndProject
Project("{FAE04EC0-301F-11D3-BF4B-00C04F79EFBC}") = "DataAccess", "DataAccess\DataAccess.csproj", "{E66143C4-5D75-4FEB-A81B-73F91272088B}"
EndProject
Project("{FAE04EC0-301F-11D3-BF4B-00C04F79EFBC}") = "BusinessLayer", "BusinessLayer\BusinessLayer.csproj", "{BD82ED77-2EBC-430C-80A3-DD3567CE48E1}"
EndProject
Project("{FAE04EC0-301F-11D3-BF4B-00C04F79EFBC}") = "API", "API\API.csproj", "{87501C4B-B946-4135-9A4D-59749B37CF9A}"
EndProject
Project("{FAE04EC0-301F-11D3-BF4B-00C04F79EFBC}") = "Models", "Models\Models.csproj", "{61C1493C-31AF-493E-880D-FFB2A3705EE6}"
EndProject
Global
	GlobalSection(SolutionConfigurationPlatforms) = preSolution
		Debug|Any CPU = Debug|Any CPU
		Release|Any CPU = Release|Any CPU
	EndGlobalSection
	GlobalSection(ProjectConfigurationPlatforms) = postSolution
		{B9FC6C4A-C58C-444A-8691-8D6CB944E80E}.Debug|Any CPU.ActiveCfg = Debug|Any CPU
		{B9FC6C4A-C58C-444A-8691-8D6CB944E80E}.Debug|Any CPU.Build.0 = Debug|Any CPU
		{B9FC6C4A-C58C-444A-8691-8D6CB944E80E}.Release|Any CPU.ActiveCfg = Release|Any CPU
		{B9FC6C4A-C58C-444A-8691-8D6CB944E80E}.Release|Any CPU.Build.0 = Release|Any CPU
		{E66143C4-5D75-4FEB-A81B-73F91272088B}.Debug|Any CPU.ActiveCfg = Debug|Any CPU
		{E66143C4-5D75-4FEB-A81B-73F91272088B}.Debug|Any CPU.Build.0 = Debug|Any CPU
		{E66143C4-5D75-4FEB-A81B-73F91272088B}.Release|Any CPU.ActiveCfg = Release|Any CPU
		{E66143C4-5D75-4FEB-A81B-73F91272088B}.Release|Any CPU.Build.0 = Release|Any CPU
		{BD82ED77-2EBC-430C-80A3-DD3567CE48E1}.Debug|Any CPU.ActiveCfg = Debug|Any CPU
		{BD82ED77-2EBC-430C-80A3-DD3567CE48E1}.Debug|Any CPU.Build.0 = Debug|Any CPU
		{BD82ED77-2EBC-430C-80A3-DD3567CE48E1}.Release|Any CPU.ActiveCfg = Release|Any CPU
		{BD82ED77-2EBC-430C-80A3-DD3567CE48E1}.Release|Any CPU.Build.0 = Release|Any CPU
		{87501C4B-B946-4135-9A4D-59749B37CF9A}.Debug|Any CPU.ActiveCfg = Debug|Any CPU
		{87501C4B-B946-4135-9A4D-59749B37CF9A}.Debug|Any CPU.Build.0 = Debug|Any CPU
		{87501C4B-B946-4135-9A4D-59749B37CF9A}.Release|Any CPU.ActiveCfg = Release|Any CPU
		{87501C4B-B946-4135-9A4D-59749B37CF9A}.Release|Any CPU.Build.0 = Release|Any CPU
		{61C1493C-31AF-493E-880D-FFB2A3705EE6}.Debug|Any CPU.ActiveCfg = Debug|Any CPU
		{61C1493C-31AF-493E-880D-FFB2A3705EE6}.Debug|Any CPU.Build.0 = Debug|Any CPU
		{61C1493C-31AF-493E-880D-FFB2A3705EE6}.Release|Any CPU.ActiveCfg = Release|Any CPU
		{61C1493C-31AF-493E-880D-FFB2A3705EE6}.Release|Any CPU.Build.0 = Release|Any CPU
	EndGlobalSection
	GlobalSection(SolutionProperties) = preSolution
		HideSolutionNode = FALSE
	EndGlobalSection
	GlobalSection(ExtensibilityGlobals) = postSolution
		SolutionGuid = {C7C306AF-834D-43A0-B5D6-78A21D95BB6F}
	EndGlobalSection
EndGlobal
